
Microsoft Visual Studio Solution File, Format Version 12.00
# Visual Studio Version 16
VisualStudioVersion = 16.0.31911.196
MinimumVisualStudioVersion = 10.0.40219.1
Project("{FAE04EC0-301F-11D3-BF4B-00C04F79EFBC}") = "BinaryTree", "BinaryTree\BinaryTree.csproj", "{C9789374-B9EC-4C45-9831-EADA9DD8B131}"
EndProject
Global
	GlobalSection(SolutionConfigurationPlatforms) = preSolution
		Debug|Any CPU = Debug|Any CPU
		Release|Any CPU = Release|Any CPU
	EndGlobalSection
	GlobalSection(ProjectConfigurationPlatforms) = postSolution
		{C9789374-B9EC-4C45-9831-EADA9DD8B131}.Debug|Any CPU.ActiveCfg = Debug|Any CPU
		{C9789374-B9EC-4C45-9831-EADA9DD8B131}.Debug|Any CPU.Build.0 = Debug|Any CPU
		{C9789374-B9EC-4C45-9831-EADA9DD8B131}.Release|Any CPU.ActiveCfg = Release|Any CPU
		{C9789374-B9EC-4C45-9831-EADA9DD8B131}.Release|Any CPU.Build.0 = Release|Any CPU
	EndGlobalSection
	GlobalSection(SolutionProperties) = preSolution
		HideSolutionNode = FALSE
	EndGlobalSection
	GlobalSection(ExtensibilityGlobals) = postSolution
		SolutionGuid = {AD2FE5D5-DAE6-4097-B66F-3D7E78021EEA}
	EndGlobalSection
EndGlobal
