
Microsoft Visual Studio Solution File, Format Version 12.00
# Visual Studio Version 16
VisualStudioVersion = 16.0.30204.135
MinimumVisualStudioVersion = 10.0.40219.1
Project("{FAE04EC0-301F-11D3-BF4B-00C04F79EFBC}") = "Prototype", "Prototype\Prototype.csproj", "{6F2D1E63-92DD-4D11-B097-B50922269FD6}"
EndProject
Global
	GlobalSection(SolutionConfigurationPlatforms) = preSolution
		Debug|Any CPU = Debug|Any CPU
		Release|Any CPU = Release|Any CPU
	EndGlobalSection
	GlobalSection(ProjectConfigurationPlatforms) = postSolution
		{6F2D1E63-92DD-4D11-B097-B50922269FD6}.Debug|Any CPU.ActiveCfg = Debug|Any CPU
		{6F2D1E63-92DD-4D11-B097-B50922269FD6}.Debug|Any CPU.Build.0 = Debug|Any CPU
		{6F2D1E63-92DD-4D11-B097-B50922269FD6}.Release|Any CPU.ActiveCfg = Release|Any CPU
		{6F2D1E63-92DD-4D11-B097-B50922269FD6}.Release|Any CPU.Build.0 = Release|Any CPU
	EndGlobalSection
	GlobalSection(SolutionProperties) = preSolution
		HideSolutionNode = FALSE
	EndGlobalSection
	GlobalSection(ExtensibilityGlobals) = postSolution
		SolutionGuid = {43216170-06A7-4214-9C27-D0A22F1B3AD8}
	EndGlobalSection
EndGlobal
