
Microsoft Visual Studio Solution File, Format Version 12.00
# Visual Studio Version 16
VisualStudioVersion = 16.0.31911.196
MinimumVisualStudioVersion = 10.0.40219.1
Project("{FAE04EC0-301F-11D3-BF4B-00C04F79EFBC}") = "IQueryable", "IQueryable\IQueryable.csproj", "{C5A98C5E-A177-411B-88FE-BDC9F5012891}"
EndProject
Global
	GlobalSection(SolutionConfigurationPlatforms) = preSolution
		Debug|Any CPU = Debug|Any CPU
		Release|Any CPU = Release|Any CPU
	EndGlobalSection
	GlobalSection(ProjectConfigurationPlatforms) = postSolution
		{C5A98C5E-A177-411B-88FE-BDC9F5012891}.Debug|Any CPU.ActiveCfg = Debug|Any CPU
		{C5A98C5E-A177-411B-88FE-BDC9F5012891}.Debug|Any CPU.Build.0 = Debug|Any CPU
		{C5A98C5E-A177-411B-88FE-BDC9F5012891}.Release|Any CPU.ActiveCfg = Release|Any CPU
		{C5A98C5E-A177-411B-88FE-BDC9F5012891}.Release|Any CPU.Build.0 = Release|Any CPU
	EndGlobalSection
	GlobalSection(SolutionProperties) = preSolution
		HideSolutionNode = FALSE
	EndGlobalSection
	GlobalSection(ExtensibilityGlobals) = postSolution
		SolutionGuid = {7DBD4A05-C043-498A-9778-DF8E6C84DFF5}
	EndGlobalSection
EndGlobal
