
Microsoft Visual Studio Solution File, Format Version 12.00
# Visual Studio Version 16
VisualStudioVersion = 16.0.30204.135
MinimumVisualStudioVersion = 10.0.40219.1
Project("{FAE04EC0-301F-11D3-BF4B-00C04F79EFBC}") = "Adapter", "Adapter\Adapter.csproj", "{32906CDC-D6D7-45B2-90A1-CB7E34935A84}"
EndProject
Project("{FAE04EC0-301F-11D3-BF4B-00C04F79EFBC}") = "DemoAdapterPattern", "DemoAdapterPattern\DemoAdapterPattern.csproj", "{D1FEE285-88B7-40D1-8171-80F86419FC58}"
EndProject
Global
	GlobalSection(SolutionConfigurationPlatforms) = preSolution
		Debug|Any CPU = Debug|Any CPU
		Release|Any CPU = Release|Any CPU
	EndGlobalSection
	GlobalSection(ProjectConfigurationPlatforms) = postSolution
		{32906CDC-D6D7-45B2-90A1-CB7E34935A84}.Debug|Any CPU.ActiveCfg = Debug|Any CPU
		{32906CDC-D6D7-45B2-90A1-CB7E34935A84}.Debug|Any CPU.Build.0 = Debug|Any CPU
		{32906CDC-D6D7-45B2-90A1-CB7E34935A84}.Release|Any CPU.ActiveCfg = Release|Any CPU
		{32906CDC-D6D7-45B2-90A1-CB7E34935A84}.Release|Any CPU.Build.0 = Release|Any CPU
		{D1FEE285-88B7-40D1-8171-80F86419FC58}.Debug|Any CPU.ActiveCfg = Debug|Any CPU
		{D1FEE285-88B7-40D1-8171-80F86419FC58}.Debug|Any CPU.Build.0 = Debug|Any CPU
		{D1FEE285-88B7-40D1-8171-80F86419FC58}.Release|Any CPU.ActiveCfg = Release|Any CPU
		{D1FEE285-88B7-40D1-8171-80F86419FC58}.Release|Any CPU.Build.0 = Release|Any CPU
	EndGlobalSection
	GlobalSection(SolutionProperties) = preSolution
		HideSolutionNode = FALSE
	EndGlobalSection
	GlobalSection(ExtensibilityGlobals) = postSolution
		SolutionGuid = {4D8DCD4C-90F2-4DB2-93AB-27F8EE803450}
	EndGlobalSection
EndGlobal
