
Microsoft Visual Studio Solution File, Format Version 12.00
# Visual Studio Version 16
VisualStudioVersion = 16.0.30204.135
MinimumVisualStudioVersion = 10.0.40219.1
Project("{9A19103F-16F7-4668-BE54-9A1E7A4F7556}") = "DemoBridgePattern", "Bridge\DemoBridgePattern.csproj", "{6C37F2B4-2FA7-41EB-B252-541BEB8E4A51}"
EndProject
Project("{9A19103F-16F7-4668-BE54-9A1E7A4F7556}") = "BridgeExercise", "BridgeExercise\BridgeExercise.csproj", "{0136D630-3AB1-48E7-BDAB-3FBF6E5D4B23}"
EndProject
Project("{FAE04EC0-301F-11D3-BF4B-00C04F79EFBC}") = "CalculateSalaryDemo", "CalculateSalaryDemo\CalculateSalaryDemo.csproj", "{A56A1E27-2720-43B6-B6A3-A80853D71EBC}"
EndProject
Global
	GlobalSection(SolutionConfigurationPlatforms) = preSolution
		Debug|Any CPU = Debug|Any CPU
		Release|Any CPU = Release|Any CPU
	EndGlobalSection
	GlobalSection(ProjectConfigurationPlatforms) = postSolution
		{6C37F2B4-2FA7-41EB-B252-541BEB8E4A51}.Debug|Any CPU.ActiveCfg = Debug|Any CPU
		{6C37F2B4-2FA7-41EB-B252-541BEB8E4A51}.Debug|Any CPU.Build.0 = Debug|Any CPU
		{6C37F2B4-2FA7-41EB-B252-541BEB8E4A51}.Release|Any CPU.ActiveCfg = Release|Any CPU
		{6C37F2B4-2FA7-41EB-B252-541BEB8E4A51}.Release|Any CPU.Build.0 = Release|Any CPU
		{0136D630-3AB1-48E7-BDAB-3FBF6E5D4B23}.Debug|Any CPU.ActiveCfg = Debug|Any CPU
		{0136D630-3AB1-48E7-BDAB-3FBF6E5D4B23}.Debug|Any CPU.Build.0 = Debug|Any CPU
		{0136D630-3AB1-48E7-BDAB-3FBF6E5D4B23}.Release|Any CPU.ActiveCfg = Release|Any CPU
		{0136D630-3AB1-48E7-BDAB-3FBF6E5D4B23}.Release|Any CPU.Build.0 = Release|Any CPU
		{A56A1E27-2720-43B6-B6A3-A80853D71EBC}.Debug|Any CPU.ActiveCfg = Debug|Any CPU
		{A56A1E27-2720-43B6-B6A3-A80853D71EBC}.Debug|Any CPU.Build.0 = Debug|Any CPU
		{A56A1E27-2720-43B6-B6A3-A80853D71EBC}.Release|Any CPU.ActiveCfg = Release|Any CPU
		{A56A1E27-2720-43B6-B6A3-A80853D71EBC}.Release|Any CPU.Build.0 = Release|Any CPU
	EndGlobalSection
	GlobalSection(SolutionProperties) = preSolution
		HideSolutionNode = FALSE
	EndGlobalSection
	GlobalSection(ExtensibilityGlobals) = postSolution
		SolutionGuid = {E1BDE583-0F46-4AF8-933A-37F287A769E5}
	EndGlobalSection
EndGlobal
