
Microsoft Visual Studio Solution File, Format Version 12.00
# Visual Studio Version 16
VisualStudioVersion = 16.0.30204.135
MinimumVisualStudioVersion = 10.0.40219.1
Project("{9A19103F-16F7-4668-BE54-9A1E7A4F7556}") = "Reflection", "Reflection\Reflection.csproj", "{57BC0AA2-FBC0-4A3C-92B5-9C7C8B446911}"
EndProject
Project("{9A19103F-16F7-4668-BE54-9A1E7A4F7556}") = "Reflection.Game", "Reflection.Game\Reflection.Game.csproj", "{209153FA-4B11-4EB7-8ED0-257BA8646F42}"
EndProject
Project("{FAE04EC0-301F-11D3-BF4B-00C04F79EFBC}") = "Reflection.Generic", "Reflection.Generic\Reflection.Generic.csproj", "{4B6EC5BA-49D1-4677-9284-A706CB4EF0DC}"
EndProject
Global
	GlobalSection(SolutionConfigurationPlatforms) = preSolution
		Debug|Any CPU = Debug|Any CPU
		Release|Any CPU = Release|Any CPU
	EndGlobalSection
	GlobalSection(ProjectConfigurationPlatforms) = postSolution
		{57BC0AA2-FBC0-4A3C-92B5-9C7C8B446911}.Debug|Any CPU.ActiveCfg = Debug|Any CPU
		{57BC0AA2-FBC0-4A3C-92B5-9C7C8B446911}.Debug|Any CPU.Build.0 = Debug|Any CPU
		{57BC0AA2-FBC0-4A3C-92B5-9C7C8B446911}.Release|Any CPU.ActiveCfg = Release|Any CPU
		{57BC0AA2-FBC0-4A3C-92B5-9C7C8B446911}.Release|Any CPU.Build.0 = Release|Any CPU
		{209153FA-4B11-4EB7-8ED0-257BA8646F42}.Debug|Any CPU.ActiveCfg = Debug|Any CPU
		{209153FA-4B11-4EB7-8ED0-257BA8646F42}.Debug|Any CPU.Build.0 = Debug|Any CPU
		{209153FA-4B11-4EB7-8ED0-257BA8646F42}.Release|Any CPU.ActiveCfg = Release|Any CPU
		{209153FA-4B11-4EB7-8ED0-257BA8646F42}.Release|Any CPU.Build.0 = Release|Any CPU
		{4B6EC5BA-49D1-4677-9284-A706CB4EF0DC}.Debug|Any CPU.ActiveCfg = Debug|Any CPU
		{4B6EC5BA-49D1-4677-9284-A706CB4EF0DC}.Debug|Any CPU.Build.0 = Debug|Any CPU
		{4B6EC5BA-49D1-4677-9284-A706CB4EF0DC}.Release|Any CPU.ActiveCfg = Release|Any CPU
		{4B6EC5BA-49D1-4677-9284-A706CB4EF0DC}.Release|Any CPU.Build.0 = Release|Any CPU
	EndGlobalSection
	GlobalSection(SolutionProperties) = preSolution
		HideSolutionNode = FALSE
	EndGlobalSection
	GlobalSection(ExtensibilityGlobals) = postSolution
		SolutionGuid = {BE3D0760-2CAE-44C1-99AA-D802B7BE2665}
	EndGlobalSection
EndGlobal
